// !$*UTF8*$!
{
	archiveVersion = 1;
	classes = {
	};
	objectVersion = 48;
	objects = {

/* Begin PBXBuildFile section */
		79B2798820309DCD0039ED8F /* main.m in Sources */ = {isa = PBXBuildFile; fileRef = 79B2798720309DCD0039ED8F /* main.m */; };
		79B279902030A2DD0039ED8F /* Rectangle.m in Sources */ = {isa = PBXBuildFile; fileRef = 79B2798F2030A2DD0039ED8F /* Rectangle.m */; };
		79B279932030AA070039ED8F /* Square.m in Sources */ = {isa = PBXBuildFile; fileRef = 79B279922030AA070039ED8F /* Square.m */; };
		79B279962030C0EA0039ED8F /* XYPoint.m in Sources */ = {isa = PBXBuildFile; fileRef = 79B279952030C0EA0039ED8F /* XYPoint.m */; };
/* End PBXBuildFile section */

/* Begin PBXCopyFilesBuildPhase section */
		79B2798220309DCD0039ED8F /* CopyFiles */ = {
			isa = PBXCopyFilesBuildPhase;
			buildActionMask = 2147483647;
			dstPath = /usr/share/man/man1/;
			dstSubfolderSpec = 0;
			files = (
			);
			runOnlyForDeploymentPostprocessing = 1;
		};
/* End PBXCopyFilesBuildPhase section */

/* Begin PBXFileReference section */
		79B2798420309DCD0039ED8F /* 8-2 */ = {isa = PBXFileReference; explicitFileType = "compiled.mach-o.executable"; includeInIndex = 0; path = "8-2"; sourceTree = BUILT_PRODUCTS_DIR; };
		79B2798720309DCD0039ED8F /* main.m */ = {isa = PBXFileReference; lastKnownFileType = sourcecode.c.objc; path = main.m; sourceTree = "<group>"; };
		79B2798E2030A2DD0039ED8F /* Rectangle.h */ = {isa = PBXFileReference; lastKnownFileType = sourcecode.c.h; path = Rectangle.h; sourceTree = "<group>"; };
		79B2798F2030A2DD0039ED8F /* Rectangle.m */ = {isa = PBXFileReference; lastKnownFileType = sourcecode.c.objc; path = Rectangle.m; sourceTree = "<group>"; };
		79B279912030AA070039ED8F /* Square.h */ = {isa = PBXFileReference; lastKnownFileType = sourcecode.c.h; path = Square.h; sourceTree = "<group>"; };
		79B279922030AA070039ED8F /* Square.m */ = {isa = PBXFileReference; lastKnownFileType = sourcecode.c.objc; path = Square.m; sourceTree = "<group>"; };
		79B279942030C0EA0039ED8F /* XYPoint.h */ = {isa = PBXFileReference; lastKnownFileType = sourcecode.c.h; path = XYPoint.h; sourceTree = "<group>"; };
		79B279952030C0EA0039ED8F /* XYPoint.m */ = {isa = PBXFileReference; lastKnownFileType = sourcecode.c.objc; path = XYPoint.m; sourceTree = "<group>"; };
/* End PBXFileReference section */

/* Begin PBXFrameworksBuildPhase section */
		79B2798120309DCD0039ED8F /* Frameworks */ = {
			isa = PBXFrameworksBuildPhase;
			buildActionMask = 2147483647;
			files = (
			);
			runOnlyForDeploymentPostprocessing = 0;
		};
/* End PBXFrameworksBuildPhase section */

/* Begin PBXGroup section */
		79B2797B20309DCD0039ED8F = {
			isa = PBXGroup;
			children = (
				79B2798620309DCD0039ED8F /* 8-2 */,
				79B2798520309DCD0039ED8F /* Products */,
			);
			sourceTree = "<group>";
		};
		79B2798520309DCD0039ED8F /* Products */ = {
			isa = PBXGroup;
			children = (
				79B2798420309DCD0039ED8F /* 8-2 */,
			);
			name = Products;
			sourceTree = "<group>";
		};
		79B2798620309DCD0039ED8F /* 8-2 */ = {
			isa = PBXGroup;
			children = (
				79B2798720309DCD0039ED8F /* main.m */,
				79B2798E2030A2DD0039ED8F /* Rectangle.h */,
				79B2798F2030A2DD0039ED8F /* Rectangle.m */,
				79B279912030AA070039ED8F /* Square.h */,
				79B279922030AA070039ED8F /* Square.m */,
				79B279942030C0EA0039ED8F /* XYPoint.h */,
				79B279952030C0EA0039ED8F /* XYPoint.m */,
			);
			path = "8-2";
			sourceTree = "<group>";
		};
/* End PBXGroup section */

/* Begin PBXNativeTarget section */
		79B2798320309DCD0039ED8F /* 8-2 */ = {
			isa = PBXNativeTarget;
			buildConfigurationList = 79B2798B20309DCD0039ED8F /* Build configuration list for PBXNativeTarget "8-2" */;
			buildPhases = (
				79B2798020309DCD0039ED8F /* Sources */,
				79B2798120309DCD0039ED8F /* Frameworks */,
				79B2798220309DCD0039ED8F /* CopyFiles */,
			);
			buildRules = (
			);
			dependencies = (
			);
			name = "8-2";
			productName = "8-2";
			productReference = 79B2798420309DCD0039ED8F /* 8-2 */;
			productType = "com.apple.product-type.tool";
		};
/* End PBXNativeTarget section */

/* Begin PBXProject section */
		79B2797C20309DCD0039ED8F /* Project object */ = {
			isa = PBXProject;
			attributes = {
				LastUpgradeCheck = 0920;
				ORGANIZATIONNAME = "张瀚";
				TargetAttributes = {
					79B2798320309DCD0039ED8F = {
						CreatedOnToolsVersion = 9.2;
						ProvisioningStyle = Automatic;
					};
				};
			};
			buildConfigurationList = 79B2797F20309DCD0039ED8F /* Build configuration list for PBXProject "8-2" */;
			compatibilityVersion = "Xcode 8.0";
			developmentRegion = en;
			hasScannedForEncodings = 0;
			knownRegions = (
				en,
			);
			mainGroup = 79B2797B20309DCD0039ED8F;
			productRefGroup = 79B2798520309DCD0039ED8F /* Products */;
			projectDirPath = "";
			projectRoot = "";
			targets = (
				79B2798320309DCD0039ED8F /* 8-2 */,
			);
		};
/* End PBXProject section */

/* Begin PBXSourcesBuildPhase section */
		79B2798020309DCD0039ED8F /* Sources */ = {
			isa = PBXSourcesBuildPhase;
			buildActionMask = 2147483647;
			files = (
				79B279932030AA070039ED8F /* Square.m in Sources */,
				79B2798820309DCD0039ED8F /* main.m in Sources */,
				79B279902030A2DD0039ED8F /* Rectangle.m in Sources */,
				79B279962030C0EA0039ED8F /* XYPoint.m in Sources */,
			);
			runOnlyForDeploymentPostprocessing = 0;
		};
/* End PBXSourcesBuildPhase section */

/* Begin XCBuildConfiguration section */
		79B2798920309DCD0039ED8F /* Debug */ = {
			isa = XCBuildConfiguration;
			buildSettings = {
				ALWAYS_SEARCH_USER_PATHS = NO;
				CLANG_ANALYZER_NONNULL = YES;
				CLANG_ANALYZER_NUMBER_OBJECT_CONVERSION = YES_AGGRESSIVE;
				CLANG_CXX_LANGUAGE_STANDARD = "gnu++14";
				CLANG_CXX_LIBRARY = "libc++";
				CLANG_ENABLE_MODULES = YES;
				CLANG_ENABLE_OBJC_ARC = YES;
				CLANG_WARN_BLOCK_CAPTURE_AUTORELEASING = YES;
				CLANG_WARN_BOOL_CONVERSION = YES;
				CLANG_WARN_COMMA = YES;
				CLANG_WARN_CONSTANT_CONVERSION = YES;
				CLANG_WARN_DIRECT_OBJC_ISA_USAGE = YES_ERROR;
				CLANG_WARN_DOCUMENTATION_COMMENTS = YES;
				CLANG_WARN_EMPTY_BODY = YES;
				CLANG_WARN_ENUM_CONVERSION = YES;
				CLANG_WARN_INFINITE_RECURSION = YES;
				CLANG_WARN_INT_CONVERSION = YES;
				CLANG_WARN_NON_LITERAL_NULL_CONVERSION = YES;
				CLANG_WARN_OBJC_LITERAL_CONVERSION = YES;
				CLANG_WARN_OBJC_ROOT_CLASS = YES_ERROR;
				CLANG_WARN_RANGE_LOOP_ANALYSIS = YES;
				CLANG_WARN_STRICT_PROTOTYPES = YES;
				CLANG_WARN_SUSPICIOUS_MOVE = YES;
				CLANG_WARN_UNGUARDED_AVAILABILITY = YES_AGGRESSIVE;
				CLANG_WARN_UNREACHABLE_CODE = YES;
				CLANG_WARN__DUPLICATE_METHOD_MATCH = YES;
				CODE_SIGN_IDENTITY = "Mac Developer";
				COPY_PHASE_STRIP = NO;
				DEBUG_INFORMATION_FORMAT = dwarf;
				ENABLE_STRICT_OBJC_MSGSEND = YES;
				ENABLE_TESTABILITY = YES;
				GCC_C_LANGUAGE_STANDARD = gnu11;
				GCC_DYNAMIC_NO_PIC = NO;
				GCC_NO_COMMON_BLOCKS = YES;
				GCC_OPTIMIZATION_LEVEL = 0;
				GCC_PREPROCESSOR_DEFINITIONS = (
					"DEBUG=1",
					"$(inherited)",
				);
				GCC_WARN_64_TO_32_BIT_CONVERSION = YES;
				GCC_WARN_ABOUT_RETURN_TYPE = YES_ERROR;
				GCC_WARN_UNDECLARED_SELECTOR = YES;
				GCC_WARN_UNINITIALIZED_AUTOS = YES_AGGRESSIVE;
				GCC_WARN_UNUSED_FUNCTION = YES;
				GCC_WARN_UNUSED_VARIABLE = YES;
				MACOSX_DEPLOYMENT_TARGET = 10.13;
				MTL_ENABLE_DEBUG_INFO = YES;
				ONLY_ACTIVE_ARCH = YES;
				SDKROOT = macosx;
			};
			name = Debug;
		};
		79B2798A20309DCD0039ED8F /* Release */ = {
			isa = XCBuildConfiguration;
			buildSettings = {
				ALWAYS_SEARCH_USER_PATHS = NO;
				CLANG_ANALYZER_NONNULL = YES;
				CLANG_ANALYZER_NUMBER_OBJECT_CONVERSION = YES_AGGRESSIVE;
				CLANG_CXX_LANGUAGE_STANDARD = "gnu++14";
				CLANG_CXX_LIBRARY = "libc++";
				CLANG_ENABLE_MODULES = YES;
				CLANG_ENABLE_OBJC_ARC = YES;
				CLANG_WARN_BLOCK_CAPTURE_AUTORELEASING = YES;
				CLANG_WARN_BOOL_CONVERSION = YES;
				CLANG_WARN_COMMA = YES;
				CLANG_WARN_CONSTANT_CONVERSION = YES;
				CLANG_WARN_DIRECT_OBJC_ISA_USAGE = YES_ERROR;
				CLANG_WARN_DOCUMENTATION_COMMENTS = YES;
				CLANG_WARN_EMPTY_BODY = YES;
				CLANG_WARN_ENUM_CONVERSION = YES;
				CLANG_WARN_INFINITE_RECURSION = YES;
				CLANG_WARN_INT_CONVERSION = YES;
				CLANG_WARN_NON_LITERAL_NULL_CONVERSION = YES;
				CLANG_WARN_OBJC_LITERAL_CONVERSION = YES;
				CLANG_WARN_OBJC_ROOT_CLASS = YES_ERROR;
				CLANG_WARN_RANGE_LOOP_ANALYSIS = YES;
				CLANG_WARN_STRICT_PROTOTYPES = YES;
				CLANG_WARN_SUSPICIOUS_MOVE = YES;
				CLANG_WARN_UNGUARDED_AVAILABILITY = YES_AGGRESSIVE;
				CLANG_WARN_UNREACHABLE_CODE = YES;
				CLANG_WARN__DUPLICATE_METHOD_MATCH = YES;
				CODE_SIGN_IDENTITY = "Mac Developer";
				COPY_PHASE_STRIP = NO;
				DEBUG_INFORMATION_FORMAT = "dwarf-with-dsym";
				ENABLE_NS_ASSERTIONS = NO;
				ENABLE_STRICT_OBJC_MSGSEND = YES;
				GCC_C_LANGUAGE_STANDARD = gnu11;
				GCC_NO_COMMON_BLOCKS = YES;
				GCC_WARN_64_TO_32_BIT_CONVERSION = YES;
				GCC_WARN_ABOUT_RETURN_TYPE = YES_ERROR;
				GCC_WARN_UNDECLARED_SELECTOR = YES;
				GCC_WARN_UNINITIALIZED_AUTOS = YES_AGGRESSIVE;
				GCC_WARN_UNUSED_FUNCTION = YES;
				GCC_WARN_UNUSED_VARIABLE = YES;
				MACOSX_DEPLOYMENT_TARGET = 10.13;
				MTL_ENABLE_DEBUG_INFO = NO;
				SDKROOT = macosx;
			};
			name = Release;
		};
		79B2798C20309DCD0039ED8F /* Debug */ = {
			isa = XCBuildConfiguration;
			buildSettings = {
				CODE_SIGN_STYLE = Automatic;
				DEVELOPMENT_TEAM = 52537S9R88;
				PRODUCT_NAME = "$(TARGET_NAME)";
			};
			name = Debug;
		};
		79B2798D20309DCD0039ED8F /* Release */ = {
			isa = XCBuildConfiguration;
			buildSettings = {
				CODE_SIGN_STYLE = Automatic;
				DEVELOPMENT_TEAM = 52537S9R88;
				PRODUCT_NAME = "$(TARGET_NAME)";
			};
			name = Release;
		};
/* End XCBuildConfiguration section */

/* Begin XCConfigurationList section */
		79B2797F20309DCD0039ED8F /* Build configuration list for PBXProject "8-2" */ = {
			isa = XCConfigurationList;
			buildConfigurations = (
				79B2798920309DCD0039ED8F /* Debug */,
				79B2798A20309DCD0039ED8F /* Release */,
			);
			defaultConfigurationIsVisible = 0;
			defaultConfigurationName = Release;
		};
		79B2798B20309DCD0039ED8F /* Build configuration list for PBXNativeTarget "8-2" */ = {
			isa = XCConfigurationList;
			buildConfigurations = (
				79B2798C20309DCD0039ED8F /* Debug */,
				79B2798D20309DCD0039ED8F /* Release */,
			);
			defaultConfigurationIsVisible = 0;
			defaultConfigurationName = Release;
		};
/* End XCConfigurationList section */
	};
	rootObject = 79B2797C20309DCD0039ED8F /* Project object */;
}
